
Microsoft Visual Studio Solution File, Format Version 12.00
# Visual Studio 2012
Project("{E24C65DC-7377-472B-9ABA-BC803B73C61A}") = "dianqiSite", ".", "{AC991E6A-0763-48AD-AD83-1B6F1C367351}"
	ProjectSection(WebsiteProperties) = preProject
		TargetFrameworkMoniker = ".NETFramework,Version%3Dv3.5"
		Debug.AspNetCompiler.VirtualPath = "/zjyuanhua.com"
		Debug.AspNetCompiler.PhysicalPath = "..\dianqiSite\"
		Debug.AspNetCompiler.TargetPath = "PrecompiledWeb\zjyuanhua.com\"
		Debug.AspNetCompiler.Updateable = "true"
		Debug.AspNetCompiler.ForceOverwrite = "true"
		Debug.AspNetCompiler.FixedNames = "false"
		Debug.AspNetCompiler.Debug = "True"
		Release.AspNetCompiler.VirtualPath = "/zjyuanhua.com"
		Release.AspNetCompiler.PhysicalPath = "..\dianqiSite\"
		Release.AspNetCompiler.TargetPath = "PrecompiledWeb\zjyuanhua.com\"
		Release.AspNetCompiler.Updateable = "true"
		Release.AspNetCompiler.ForceOverwrite = "true"
		Release.AspNetCompiler.FixedNames = "false"
		Release.AspNetCompiler.Debug = "False"
		VWDPort = "6615"
	EndProjectSection
EndProject
Global
	GlobalSection(SolutionConfigurationPlatforms) = preSolution
		Debug|Any CPU = Debug|Any CPU
	EndGlobalSection
	GlobalSection(ProjectConfigurationPlatforms) = postSolution
		{AC991E6A-0763-48AD-AD83-1B6F1C367351}.Debug|Any CPU.ActiveCfg = Debug|Any CPU
		{AC991E6A-0763-48AD-AD83-1B6F1C367351}.Debug|Any CPU.Build.0 = Debug|Any CPU
	EndGlobalSection
	GlobalSection(SolutionProperties) = preSolution
		HideSolutionNode = FALSE
	EndGlobalSection
EndGlobal
